
Microsoft Visual Studio Solution File, Format Version 12.00
# Visual Studio Version 17
VisualStudioVersion = 17.5.33530.505
MinimumVisualStudioVersion = 10.0.40219.1
Project("{FAE04EC0-301F-11D3-BF4B-00C04F79EFBC}") = "asp_net_parcijalni_ispit_Ivan_Blazun", "asp_net_parcijalni_ispit_Ivan_Blazun.csproj", "{05921264-AF90-41F8-ADA2-15F708CC82FF}"
EndProject
Global
	GlobalSection(SolutionConfigurationPlatforms) = preSolution
		Debug|Any CPU = Debug|Any CPU
		Release|Any CPU = Release|Any CPU
	EndGlobalSection
	GlobalSection(ProjectConfigurationPlatforms) = postSolution
		{05921264-AF90-41F8-ADA2-15F708CC82FF}.Debug|Any CPU.ActiveCfg = Debug|Any CPU
		{05921264-AF90-41F8-ADA2-15F708CC82FF}.Debug|Any CPU.Build.0 = Debug|Any CPU
		{05921264-AF90-41F8-ADA2-15F708CC82FF}.Release|Any CPU.ActiveCfg = Release|Any CPU
		{05921264-AF90-41F8-ADA2-15F708CC82FF}.Release|Any CPU.Build.0 = Release|Any CPU
	EndGlobalSection
	GlobalSection(SolutionProperties) = preSolution
		HideSolutionNode = FALSE
	EndGlobalSection
	GlobalSection(ExtensibilityGlobals) = postSolution
		SolutionGuid = {B9E63BC5-BF49-45D7-B504-E743ACAAB97C}
	EndGlobalSection
EndGlobal
